
Microsoft Visual Studio Solution File, Format Version 12.00
# Visual Studio Version 17
VisualStudioVersion = 17.8.34330.188
MinimumVisualStudioVersion = 10.0.40219.1
Project("{FAE04EC0-301F-11D3-BF4B-00C04F79EFBC}") = "Caffeine for Windows", "Caffeine for Windows\Caffeine for Windows.csproj", "{3EA02A65-729C-4472-88E3-8DA4E0DF083A}"
EndProject
Global
	GlobalSection(SolutionConfigurationPlatforms) = preSolution
		Debug|Any CPU = Debug|Any CPU
		Release|Any CPU = Release|Any CPU
	EndGlobalSection
	GlobalSection(ProjectConfigurationPlatforms) = postSolution
		{3EA02A65-729C-4472-88E3-8DA4E0DF083A}.Debug|Any CPU.ActiveCfg = Debug|Any CPU
		{3EA02A65-729C-4472-88E3-8DA4E0DF083A}.Debug|Any CPU.Build.0 = Debug|Any CPU
		{3EA02A65-729C-4472-88E3-8DA4E0DF083A}.Release|Any CPU.ActiveCfg = Release|Any CPU
		{3EA02A65-729C-4472-88E3-8DA4E0DF083A}.Release|Any CPU.Build.0 = Release|Any CPU
	EndGlobalSection
	GlobalSection(SolutionProperties) = preSolution
		HideSolutionNode = FALSE
	EndGlobalSection
	GlobalSection(ExtensibilityGlobals) = postSolution
		SolutionGuid = {10479F91-85DB-44CD-B510-2A5DAA703550}
	EndGlobalSection
EndGlobal
